# This file is automatically @generated by Poetry 1.8.3 and should not be changed by hand.

[[package]]
name = "click"
version = "8.1.7"
description = "Composable command line interface toolkit"
optional = false
python-versions = ">=3.7"
files = [
    {file = "click-8.1.7-py3-none-any.whl", hash = "sha256:ae74fb96c20a0277a1d615f1e4d73c8414f5a98db8b799a7931d1582f3390c28"},
    {file = "click-8.1.7.tar.gz", hash = "sha256:ca9853ad459e787e2192211578cc907e7594e294c7ccc834310722b41b9ca6de"},
]

[package.dependencies]
colorama = {version = "*", markers = "platform_system == \"Windows\""}

[[package]]
name = "colorama"
version = "0.4.6"
description = "Cross-platform colored terminal text."
optional = false
python-versions = "!=3.0.*,!=3.1.*,!=3.2.*,!=3.3.*,!=3.4.*,!=3.5.*,!=3.6.*,>=2.7"
files = [
    {file = "colorama-0.4.6-py2.py3-none-any.whl", hash = "sha256:4f1d9991f5acc0ca119f9d443620b77f9d6b33703e51011c16baf57afb285fc6"},
    {file = "colorama-0.4.6.tar.gz", hash = "sha256:08695f5cb7ed6e0531a20572697297273c47b8cae5a63ffc6d6ed5c201be6e44"},
]

[[package]]
name = "lark"
version = "1.1.9"
description = "a modern parsing library"
optional = false
python-versions = ">=3.6"
files = [
    {file = "lark-1.1.9-py3-none-any.whl", hash = "sha256:a0dd3a87289f8ccbb325901e4222e723e7d745dbfc1803eaf5f3d2ace19cf2db"},
    {file = "lark-1.1.9.tar.gz", hash = "sha256:15fa5236490824c2c4aba0e22d2d6d823575dcaf4cdd1848e34b6ad836240fba"},
]

[package.extras]
atomic-cache = ["atomicwrites"]
interegular = ["interegular (>=0.3.1,<0.4.0)"]
nearley = ["js2py"]
regex = ["regex"]

[[package]]
name = "llvmlite"
version = "0.42.0"
description = "lightweight wrapper around basic LLVM functionality"
optional = false
python-versions = ">=3.9"
files = [
    {file = "llvmlite-0.42.0-cp310-cp310-macosx_10_9_x86_64.whl", hash = "sha256:3366938e1bf63d26c34fbfb4c8e8d2ded57d11e0567d5bb243d89aab1eb56098"},
    {file = "llvmlite-0.42.0-cp310-cp310-macosx_11_0_arm64.whl", hash = "sha256:c35da49666a21185d21b551fc3caf46a935d54d66969d32d72af109b5e7d2b6f"},
    {file = "llvmlite-0.42.0-cp310-cp310-manylinux_2_17_aarch64.manylinux2014_aarch64.whl", hash = "sha256:70f44ccc3c6220bd23e0ba698a63ec2a7d3205da0d848804807f37fc243e3f77"},
    {file = "llvmlite-0.42.0-cp310-cp310-manylinux_2_17_x86_64.manylinux2014_x86_64.whl", hash = "sha256:763f8d8717a9073b9e0246998de89929071d15b47f254c10eef2310b9aac033d"},
    {file = "llvmlite-0.42.0-cp310-cp310-win_amd64.whl", hash = "sha256:8d90edf400b4ceb3a0e776b6c6e4656d05c7187c439587e06f86afceb66d2be5"},
    {file = "llvmlite-0.42.0-cp311-cp311-macosx_10_9_x86_64.whl", hash = "sha256:ae511caed28beaf1252dbaf5f40e663f533b79ceb408c874c01754cafabb9cbf"},
    {file = "llvmlite-0.42.0-cp311-cp311-macosx_11_0_arm64.whl", hash = "sha256:81e674c2fe85576e6c4474e8c7e7aba7901ac0196e864fe7985492b737dbab65"},
    {file = "llvmlite-0.42.0-cp311-cp311-manylinux_2_17_aarch64.manylinux2014_aarch64.whl", hash = "sha256:bb3975787f13eb97629052edb5017f6c170eebc1c14a0433e8089e5db43bcce6"},
    {file = "llvmlite-0.42.0-cp311-cp311-manylinux_2_17_x86_64.manylinux2014_x86_64.whl", hash = "sha256:c5bece0cdf77f22379f19b1959ccd7aee518afa4afbd3656c6365865f84903f9"},
    {file = "llvmlite-0.42.0-cp311-cp311-win_amd64.whl", hash = "sha256:7e0c4c11c8c2aa9b0701f91b799cb9134a6a6de51444eff5a9087fc7c1384275"},
    {file = "llvmlite-0.42.0-cp312-cp312-macosx_10_9_x86_64.whl", hash = "sha256:08fa9ab02b0d0179c688a4216b8939138266519aaa0aa94f1195a8542faedb56"},
    {file = "llvmlite-0.42.0-cp312-cp312-macosx_11_0_arm64.whl", hash = "sha256:b2fce7d355068494d1e42202c7aff25d50c462584233013eb4470c33b995e3ee"},
    {file = "llvmlite-0.42.0-cp312-cp312-manylinux_2_17_aarch64.manylinux2014_aarch64.whl", hash = "sha256:ebe66a86dc44634b59a3bc860c7b20d26d9aaffcd30364ebe8ba79161a9121f4"},
    {file = "llvmlite-0.42.0-cp312-cp312-manylinux_2_17_x86_64.manylinux2014_x86_64.whl", hash = "sha256:d47494552559e00d81bfb836cf1c4d5a5062e54102cc5767d5aa1e77ccd2505c"},
    {file = "llvmlite-0.42.0-cp312-cp312-win_amd64.whl", hash = "sha256:05cb7e9b6ce69165ce4d1b994fbdedca0c62492e537b0cc86141b6e2c78d5888"},
    {file = "llvmlite-0.42.0-cp39-cp39-macosx_10_9_x86_64.whl", hash = "sha256:bdd3888544538a94d7ec99e7c62a0cdd8833609c85f0c23fcb6c5c591aec60ad"},
    {file = "llvmlite-0.42.0-cp39-cp39-macosx_11_0_arm64.whl", hash = "sha256:d0936c2067a67fb8816c908d5457d63eba3e2b17e515c5fe00e5ee2bace06040"},
    {file = "llvmlite-0.42.0-cp39-cp39-manylinux_2_17_aarch64.manylinux2014_aarch64.whl", hash = "sha256:a78ab89f1924fc11482209f6799a7a3fc74ddc80425a7a3e0e8174af0e9e2301"},
    {file = "llvmlite-0.42.0-cp39-cp39-manylinux_2_17_x86_64.manylinux2014_x86_64.whl", hash = "sha256:d7599b65c7af7abbc978dbf345712c60fd596aa5670496561cc10e8a71cebfb2"},
    {file = "llvmlite-0.42.0-cp39-cp39-win_amd64.whl", hash = "sha256:43d65cc4e206c2e902c1004dd5418417c4efa6c1d04df05c6c5675a27e8ca90e"},
    {file = "llvmlite-0.42.0.tar.gz", hash = "sha256:f92b09243c0cc3f457da8b983f67bd8e1295d0f5b3746c7a1861d7a99403854a"},
]

[[package]]
name = "markdown-it-py"
version = "3.0.0"
description = "Python port of markdown-it. Markdown parsing, done right!"
optional = false
python-versions = ">=3.8"
files = [
    {file = "markdown-it-py-3.0.0.tar.gz", hash = "sha256:e3f60a94fa066dc52ec76661e37c851cb232d92f9886b15cb560aaada2df8feb"},
    {file = "markdown_it_py-3.0.0-py3-none-any.whl", hash = "sha256:355216845c60bd96232cd8d8c40e8f9765cc86f46880e43a8fd22dc1a1a8cab1"},
]

[package.dependencies]
mdurl = ">=0.1,<1.0"

[package.extras]
benchmarking = ["psutil", "pytest", "pytest-benchmark"]
code-style = ["pre-commit (>=3.0,<4.0)"]
compare = ["commonmark (>=0.9,<1.0)", "markdown (>=3.4,<4.0)", "mistletoe (>=1.0,<2.0)", "mistune (>=2.0,<3.0)", "panflute (>=2.3,<3.0)"]
linkify = ["linkify-it-py (>=1,<3)"]
plugins = ["mdit-py-plugins"]
profiling = ["gprof2dot"]
rtd = ["jupyter_sphinx", "mdit-py-plugins", "myst-parser", "pyyaml", "sphinx", "sphinx-copybutton", "sphinx-design", "sphinx_book_theme"]
testing = ["coverage", "pytest", "pytest-cov", "pytest-regressions"]

[[package]]
name = "mdurl"
version = "0.1.2"
description = "Markdown URL utilities"
optional = false
python-versions = ">=3.7"
files = [
    {file = "mdurl-0.1.2-py3-none-any.whl", hash = "sha256:84008a41e51615a49fc9966191ff91509e3c40b939176e643fd50a5c2196b8f8"},
    {file = "mdurl-0.1.2.tar.gz", hash = "sha256:bb413d29f5eea38f31dd4754dd7377d4465116fb207585f97bf925588687c1ba"},
]

[[package]]
name = "pygments"
version = "2.18.0"
description = "Pygments is a syntax highlighting package written in Python."
optional = false
python-versions = ">=3.8"
files = [
    {file = "pygments-2.18.0-py3-none-any.whl", hash = "sha256:b8e6aca0523f3ab76fee51799c488e38782ac06eafcf95e7ba832985c8e7b13a"},
    {file = "pygments-2.18.0.tar.gz", hash = "sha256:786ff802f32e91311bff3889f6e9a86e81505fe99f2735bb6d60ae0c5004f199"},
]

[package.extras]
windows-terminal = ["colorama (>=0.4.6)"]

[[package]]
name = "rich"
version = "13.7.1"
description = "Render rich text, tables, progress bars, syntax highlighting, markdown and more to the terminal"
optional = false
python-versions = ">=3.7.0"
files = [
    {file = "rich-13.7.1-py3-none-any.whl", hash = "sha256:4edbae314f59eb482f54e9e30bf00d33350aaa94f4bfcd4e9e3110e64d0d7222"},
    {file = "rich-13.7.1.tar.gz", hash = "sha256:9be308cb1fe2f1f57d67ce99e95af38a1e2bc71ad9813b0e247cf7ffbcc3a432"},
]

[package.dependencies]
markdown-it-py = ">=2.2.0"
pygments = ">=2.13.0,<3.0.0"

[package.extras]
jupyter = ["ipywidgets (>=7.5.1,<9)"]

[[package]]
name = "shellingham"
version = "1.5.4"
description = "Tool to Detect Surrounding Shell"
optional = false
python-versions = ">=3.7"
files = [
    {file = "shellingham-1.5.4-py2.py3-none-any.whl", hash = "sha256:7ecfff8f2fd72616f7481040475a65b2bf8af90a56c89140852d1120324e8686"},
    {file = "shellingham-1.5.4.tar.gz", hash = "sha256:8dbca0739d487e5bd35ab3ca4b36e11c4078f3a234bfce294b0a0291363404de"},
]

[[package]]
name = "typer"
version = "0.12.3"
description = "Typer, build great CLIs. Easy to code. Based on Python type hints."
optional = false
python-versions = ">=3.7"
files = [
    {file = "typer-0.12.3-py3-none-any.whl", hash = "sha256:070d7ca53f785acbccba8e7d28b08dcd88f79f1fbda035ade0aecec71ca5c914"},
    {file = "typer-0.12.3.tar.gz", hash = "sha256:49e73131481d804288ef62598d97a1ceef3058905aa536a1134f90891ba35482"},
]

[package.dependencies]
click = ">=8.0.0"
rich = ">=10.11.0"
shellingham = ">=1.3.0"
typing-extensions = ">=3.7.4.3"

[[package]]
name = "typing-extensions"
version = "4.12.1"
description = "Backported and Experimental Type Hints for Python 3.8+"
optional = false
python-versions = ">=3.8"
files = [
    {file = "typing_extensions-4.12.1-py3-none-any.whl", hash = "sha256:6024b58b69089e5a89c347397254e35f1bf02a907728ec7fee9bf0fe837d203a"},
    {file = "typing_extensions-4.12.1.tar.gz", hash = "sha256:915f5e35ff76f56588223f15fdd5938f9a1cf9195c0de25130c627e4d597f6d1"},
]

[metadata]
lock-version = "2.0"
python-versions = "^3.12"
content-hash = "7bfbb2720d84339b63f658116fcee3acf01abf31a76e9368671b4398783df39b"
